
Microsoft Visual Studio Solution File, Format Version 12.00
# Visual Studio Version 16
VisualStudioVersion = 16.0.29613.14
MinimumVisualStudioVersion = 10.0.40219.1
Project("{FAE04EC0-301F-11D3-BF4B-00C04F79EFBC}") = "Registration", "Registration\Registration.csproj", "{45CCC6ED-B957-4339-A98A-866C617FB658}"
EndProject
Project("{FAE04EC0-301F-11D3-BF4B-00C04F79EFBC}") = "ArtShow", "ArtShow\ArtShow.csproj", "{7AD71A65-69EC-418D-A89E-71B76AA81100}"
EndProject
Project("{2150E333-8FDC-42A3-9474-1A3956D46DE8}") = ".nuget", ".nuget", "{08B43AC2-8F18-427C-993F-9AD506537292}"
	ProjectSection(SolutionItems) = preProject
		.nuget\NuGet.Config = .nuget\NuGet.Config
		.nuget\NuGet.exe = .nuget\NuGet.exe
		.nuget\NuGet.targets = .nuget\NuGet.targets
	EndProjectSection
EndProject
Global
	GlobalSection(SolutionConfigurationPlatforms) = preSolution
		Debug|Any CPU = Debug|Any CPU
		Release|Any CPU = Release|Any CPU
	EndGlobalSection
	GlobalSection(ProjectConfigurationPlatforms) = postSolution
		{45CCC6ED-B957-4339-A98A-866C617FB658}.Debug|Any CPU.ActiveCfg = Debug|Any CPU
		{45CCC6ED-B957-4339-A98A-866C617FB658}.Debug|Any CPU.Build.0 = Debug|Any CPU
		{45CCC6ED-B957-4339-A98A-866C617FB658}.Release|Any CPU.ActiveCfg = Release|Any CPU
		{45CCC6ED-B957-4339-A98A-866C617FB658}.Release|Any CPU.Build.0 = Release|Any CPU
		{7AD71A65-69EC-418D-A89E-71B76AA81100}.Debug|Any CPU.ActiveCfg = Debug|Any CPU
		{7AD71A65-69EC-418D-A89E-71B76AA81100}.Debug|Any CPU.Build.0 = Debug|Any CPU
		{7AD71A65-69EC-418D-A89E-71B76AA81100}.Release|Any CPU.ActiveCfg = Release|Any CPU
		{7AD71A65-69EC-418D-A89E-71B76AA81100}.Release|Any CPU.Build.0 = Release|Any CPU
	EndGlobalSection
	GlobalSection(SolutionProperties) = preSolution
		HideSolutionNode = FALSE
	EndGlobalSection
	GlobalSection(ExtensibilityGlobals) = postSolution
		SolutionGuid = {A0F18D43-17BD-4160-96F7-2D7F7704E26F}
	EndGlobalSection
	GlobalSection(SubversionScc) = preSolution
		Svn-Managed = True
		Manager = AnkhSVN - Subversion Support for Visual Studio
	EndGlobalSection
EndGlobal
